
Microsoft Visual Studio Solution File, Format Version 12.00
# Visual Studio Version 16
VisualStudioVersion = 16.0.30517.126
MinimumVisualStudioVersion = 10.0.40219.1
Project("{FAE04EC0-301F-11D3-BF4B-00C04F79EFBC}") = "kpmg", "kpmg\kpmg.csproj", "{592C72E5-9951-4BF8-9DD2-90879BC5A2E3}"
EndProject
Global
	GlobalSection(SolutionConfigurationPlatforms) = preSolution
		Debug|Any CPU = Debug|Any CPU
		Release|Any CPU = Release|Any CPU
	EndGlobalSection
	GlobalSection(ProjectConfigurationPlatforms) = postSolution
		{592C72E5-9951-4BF8-9DD2-90879BC5A2E3}.Debug|Any CPU.ActiveCfg = Debug|Any CPU
		{592C72E5-9951-4BF8-9DD2-90879BC5A2E3}.Debug|Any CPU.Build.0 = Debug|Any CPU
		{592C72E5-9951-4BF8-9DD2-90879BC5A2E3}.Release|Any CPU.ActiveCfg = Release|Any CPU
		{592C72E5-9951-4BF8-9DD2-90879BC5A2E3}.Release|Any CPU.Build.0 = Release|Any CPU
	EndGlobalSection
	GlobalSection(SolutionProperties) = preSolution
		HideSolutionNode = FALSE
	EndGlobalSection
	GlobalSection(ExtensibilityGlobals) = postSolution
		SolutionGuid = {1C3A43F9-2357-4013-8A18-5CDC1C32C49B}
	EndGlobalSection
EndGlobal
